
Microsoft Visual Studio Solution File, Format Version 12.00
# Visual Studio Version 16
VisualStudioVersion = 16.0.29215.179
MinimumVisualStudioVersion = 10.0.40219.1
Project("{FAE04EC0-301F-11D3-BF4B-00C04F79EFBC}") = "ExamERP.Business.Api", "ExamERP.Business.Api\ExamERP.Business.Api.csproj", "{34E8B51C-C78D-4949-B527-1C859407DE60}"
EndProject
Project("{FAE04EC0-301F-11D3-BF4B-00C04F79EFBC}") = "ExamERP.Business", "ExamERP.Business\ExamERP.Business.csproj", "{59C60437-26EA-46DB-A4A0-A9BE49E9F005}"
EndProject
Project("{FAE04EC0-301F-11D3-BF4B-00C04F79EFBC}") = "ExamERP.Common", "ExamERP.Common\ExamERP.Common.csproj", "{CCA748A5-F493-4F25-BA46-A2DA39EB86BF}"
EndProject
Global
	GlobalSection(SolutionConfigurationPlatforms) = preSolution
		Debug|Any CPU = Debug|Any CPU
		Release|Any CPU = Release|Any CPU
	EndGlobalSection
	GlobalSection(ProjectConfigurationPlatforms) = postSolution
		{34E8B51C-C78D-4949-B527-1C859407DE60}.Debug|Any CPU.ActiveCfg = Debug|Any CPU
		{34E8B51C-C78D-4949-B527-1C859407DE60}.Debug|Any CPU.Build.0 = Debug|Any CPU
		{34E8B51C-C78D-4949-B527-1C859407DE60}.Release|Any CPU.ActiveCfg = Release|Any CPU
		{34E8B51C-C78D-4949-B527-1C859407DE60}.Release|Any CPU.Build.0 = Release|Any CPU
		{59C60437-26EA-46DB-A4A0-A9BE49E9F005}.Debug|Any CPU.ActiveCfg = Debug|Any CPU
		{59C60437-26EA-46DB-A4A0-A9BE49E9F005}.Debug|Any CPU.Build.0 = Debug|Any CPU
		{59C60437-26EA-46DB-A4A0-A9BE49E9F005}.Release|Any CPU.ActiveCfg = Release|Any CPU
		{59C60437-26EA-46DB-A4A0-A9BE49E9F005}.Release|Any CPU.Build.0 = Release|Any CPU
		{CCA748A5-F493-4F25-BA46-A2DA39EB86BF}.Debug|Any CPU.ActiveCfg = Debug|Any CPU
		{CCA748A5-F493-4F25-BA46-A2DA39EB86BF}.Debug|Any CPU.Build.0 = Debug|Any CPU
		{CCA748A5-F493-4F25-BA46-A2DA39EB86BF}.Release|Any CPU.ActiveCfg = Release|Any CPU
		{CCA748A5-F493-4F25-BA46-A2DA39EB86BF}.Release|Any CPU.Build.0 = Release|Any CPU
	EndGlobalSection
	GlobalSection(SolutionProperties) = preSolution
		HideSolutionNode = FALSE
	EndGlobalSection
	GlobalSection(ExtensibilityGlobals) = postSolution
		SolutionGuid = {D026DDF3-B8DA-4BB6-81D2-4D412722AE7F}
	EndGlobalSection
EndGlobal
